# THIS IS AN AUTOGENERATED FILE. DO NOT EDIT THIS FILE DIRECTLY.
# yarn lockfile v1


eslint-plugin-no-relative-import-paths@^1.5.2:
  version "1.5.2"
  resolved "https://registry.yarnpkg.com/eslint-plugin-no-relative-import-paths/-/eslint-plugin-no-relative-import-paths-1.5.2.tgz#c35f2fd0bf2a6a57b268193ed7df63ff7000134e"
  integrity sha512-wMlL+TVuDhKk1plP+w3L4Hc7+u89vUkrOYq6/0ARjcYqwc9/YaS9uEXNzaqAk+WLoEgakzNL5JgJJw6m4qd5zw==
